
Microsoft Visual Studio Solution File, Format Version 12.00
# Visual Studio Version 16
VisualStudioVersion = 16.0.34114.132
MinimumVisualStudioVersion = 10.0.40219.1
Project("{2150E333-8FDC-42A3-9474-1A3956D46DE8}") = "Task0", "Task0", "{842BE9FE-F2FB-4FF8-BCBA-56AC66386069}"
EndProject
Project("{FAE04EC0-301F-11D3-BF4B-00C04F79EFBC}") = "Tyuiu.KorotchenkoDM.Sprint5.Task0.V2", "Tyuiu.KorotchenkoDM.Sprint5.Task0.V2\Tyuiu.KorotchenkoDM.Sprint5.Task0.V2.csproj", "{57DB646A-5081-42B4-BDAB-D279D0FC80A8}"
EndProject
Project("{FAE04EC0-301F-11D3-BF4B-00C04F79EFBC}") = "Tyuiu.KorotchenkoDM.Sprint5.Task0.V2.Lib", "Tyuiu.KorotchenkoDM.Sprint5.Task0.V2.Lib\Tyuiu.KorotchenkoDM.Sprint5.Task0.V2.Lib.csproj", "{7F7F1282-4EA3-4905-9E61-EFB06043C2E1}"
EndProject
Project("{FAE04EC0-301F-11D3-BF4B-00C04F79EFBC}") = "Tyuiu.KorotchenkoDM.Sprint5.Task0.V2.Test", "Tyuiu.KorotchenkoDM.Sprint5.Task0.V2.Test\Tyuiu.KorotchenkoDM.Sprint5.Task0.V2.Test.csproj", "{B9319235-5E07-4816-9C7F-33539F537557}"
EndProject
Project("{2150E333-8FDC-42A3-9474-1A3956D46DE8}") = "Task1", "Task1", "{519B9790-6FD3-4189-88BF-D0BFE9E0C5BD}"
EndProject
Project("{FAE04EC0-301F-11D3-BF4B-00C04F79EFBC}") = "Tyuiu.KorotchenkoDM.Sprint5.Task1.V10", "Tyuiu.KorotchenkoDM.Sprint5.Task1.V10\Tyuiu.KorotchenkoDM.Sprint5.Task1.V10.csproj", "{A2EEA1EC-A7E9-47CB-86F0-A3E598A6088F}"
EndProject
Project("{FAE04EC0-301F-11D3-BF4B-00C04F79EFBC}") = "Tyuiu.KorotchenkoDM.Sprint5.Task1.V10.Lib", "Tyuiu.KorotchenkoDM.Sprint5.Task1.V10.Lib\Tyuiu.KorotchenkoDM.Sprint5.Task1.V10.Lib.csproj", "{FE7400E4-C7E2-4F45-B52D-CE8FF23110E9}"
EndProject
Project("{FAE04EC0-301F-11D3-BF4B-00C04F79EFBC}") = "Tyuiu.KorotchenkoDM.Sprint5.Task1.V10.Test", "Tyuiu.KorotchenkoDM.Sprint5.Task1.V10.Test\Tyuiu.KorotchenkoDM.Sprint5.Task1.V10.Test.csproj", "{D6116C90-5581-4818-A908-40532E4A7DA9}"
EndProject
Project("{2150E333-8FDC-42A3-9474-1A3956D46DE8}") = "Task2", "Task2", "{54181BC5-281A-4E7C-8037-586E38C9848E}"
EndProject
Project("{FAE04EC0-301F-11D3-BF4B-00C04F79EFBC}") = "Tyuiu.KorotchenkoDM.Sprint5.Task2.V7", "Tyuiu.KorotchenkoDM.Sprint5.Task2.V7\Tyuiu.KorotchenkoDM.Sprint5.Task2.V7.csproj", "{85FAC243-6CCF-4B74-AD95-1AA542F916C6}"
EndProject
Project("{FAE04EC0-301F-11D3-BF4B-00C04F79EFBC}") = "Tyuiu.KorotchenkoDM.Sprint5.Task2.V7.Lib", "Tyuiu.KorotchenkoDM.Sprint5.Task2.V7.Lib\Tyuiu.KorotchenkoDM.Sprint5.Task2.V7.Lib.csproj", "{6A6C4FF2-8F78-44BB-B84D-5937E6391692}"
EndProject
Project("{FAE04EC0-301F-11D3-BF4B-00C04F79EFBC}") = "Tyuiu.KorotchenkoDM.Sprint5.Task2.V7.Test", "Tyuiu.KorotchenkoDM.Sprint5.Task2.V7.Test\Tyuiu.KorotchenkoDM.Sprint5.Task2.V7.Test.csproj", "{C4089513-5F7D-44FE-90EA-B15A6ACE332F}"
EndProject
Project("{2150E333-8FDC-42A3-9474-1A3956D46DE8}") = "Task3", "Task3", "{7DB40B0D-3965-477C-A537-B083B8DBA7DA}"
EndProject
Project("{FAE04EC0-301F-11D3-BF4B-00C04F79EFBC}") = "Tyuiu.KorotchenkoDM.Sprint5.Task3.V26", "Tyuiu.KorotchenkoDM.Sprint5.Task3.V26\Tyuiu.KorotchenkoDM.Sprint5.Task3.V26.csproj", "{208AD4D4-3367-45A1-B95D-61757BC57560}"
EndProject
Project("{FAE04EC0-301F-11D3-BF4B-00C04F79EFBC}") = "Tyuiu.KorotchenkoDM.Sprint5.Task3.V26.Lib", "Tyuiu.KorotchenkoDM.Sprint5.Task3.V26.Lib\Tyuiu.KorotchenkoDM.Sprint5.Task3.V26.Lib.csproj", "{8BE84B29-ABE9-4D69-9295-51CD1551CE15}"
EndProject
Project("{FAE04EC0-301F-11D3-BF4B-00C04F79EFBC}") = "Tyuiu.KorotchenkoDM.Sprint5.Task3.V26.Test", "Tyuiu.KorotchenkoDM.Sprint5.Task3.V26.Test\Tyuiu.KorotchenkoDM.Sprint5.Task3.V26.Test.csproj", "{CCEC8E8D-458B-4BBA-BC2B-1A82F127DD15}"
EndProject
Project("{2150E333-8FDC-42A3-9474-1A3956D46DE8}") = "Task4", "Task4", "{A690405D-C978-43D1-A873-176FAE537D7E}"
EndProject
Project("{FAE04EC0-301F-11D3-BF4B-00C04F79EFBC}") = "Tyuiu.KorotchenkoDM.Sprint5.Task4.V26", "Tyuiu.KorotchenkoDM.Sprint5.Task4.V26\Tyuiu.KorotchenkoDM.Sprint5.Task4.V26.csproj", "{0F1747D4-A9B9-4B79-9E67-DE0122437102}"
EndProject
Project("{FAE04EC0-301F-11D3-BF4B-00C04F79EFBC}") = "Tyuiu.KorotchenkoDM.Sprint5.Task4.V26.Lib", "Tyuiu.KorotchenkoDM.Sprint5.Task4.V26.Lib\Tyuiu.KorotchenkoDM.Sprint5.Task4.V26.Lib.csproj", "{C847B8E5-9374-49EA-901B-38B75D0B875B}"
EndProject
Project("{FAE04EC0-301F-11D3-BF4B-00C04F79EFBC}") = "Tyuiu.KorotchenkoDM.Sprint5.Task4.V26.Test", "Tyuiu.KorotchenkoDM.Sprint5.Task4.V26.Test\Tyuiu.KorotchenkoDM.Sprint5.Task4.V26.Test.csproj", "{319D37DC-5ED3-42E9-B82C-FFEBA009D001}"
EndProject
Project("{2150E333-8FDC-42A3-9474-1A3956D46DE8}") = "Task5", "Task5", "{046C2173-35E7-47DD-9F7C-59C50AFF4669}"
EndProject
Project("{FAE04EC0-301F-11D3-BF4B-00C04F79EFBC}") = "Tyuiu.KorotchenkoDM.Sprint5.Task5.V8", "Tyuiu.KorotchenkoDM.Sprint5.Task5.V8\Tyuiu.KorotchenkoDM.Sprint5.Task5.V8.csproj", "{6FFC6C51-EBD6-439C-B423-4E58A08B4AE2}"
EndProject
Project("{FAE04EC0-301F-11D3-BF4B-00C04F79EFBC}") = "Tyuiu.KorotchenkoDM.Sprint5.Task5.V8.Lib", "Tyuiu.KorotchenkoDM.Sprint5.Task5.V8.Lib\Tyuiu.KorotchenkoDM.Sprint5.Task5.V8.Lib.csproj", "{96050A4A-8534-4280-9E6F-36B53424168A}"
EndProject
Project("{FAE04EC0-301F-11D3-BF4B-00C04F79EFBC}") = "Tyuiu.KorotchenkoDM.Sprint5.Task5.V8.Test", "Tyuiu.KorotchenkoDM.Sprint5.Task5.V8.Test\Tyuiu.KorotchenkoDM.Sprint5.Task5.V8.Test.csproj", "{CA2DA3C5-8474-479E-B6E2-67D9C9D61472}"
EndProject
Project("{2150E333-8FDC-42A3-9474-1A3956D46DE8}") = "Task6", "Task6", "{BDDA7373-2C73-41EC-B2E7-7BC0FBC972EA}"
EndProject
Project("{FAE04EC0-301F-11D3-BF4B-00C04F79EFBC}") = "Tyuiu.KorotchenkoDM.Sprint5.Task6.V12", "Tyuiu.KorotchenkoDM.Sprint5.Task6.V12\Tyuiu.KorotchenkoDM.Sprint5.Task6.V12.csproj", "{E430CD86-E193-4901-B529-391151BDB30C}"
EndProject
Project("{FAE04EC0-301F-11D3-BF4B-00C04F79EFBC}") = "Tyuiu.KorotchenkoDM.Sprint5.Task6.V12.Lib", "Tyuiu.KorotchenkoDM.Sprint5.Task6.V12.Lib\Tyuiu.KorotchenkoDM.Sprint5.Task6.V12.Lib.csproj", "{AC3A4805-545C-4BFE-B510-363AE3BA2FF7}"
EndProject
Project("{FAE04EC0-301F-11D3-BF4B-00C04F79EFBC}") = "Tyuiu.KorotchenkoDM.Sprint5.Task6.V12.Test", "Tyuiu.KorotchenkoDM.Sprint5.Task6.V12.Test\Tyuiu.KorotchenkoDM.Sprint5.Task6.V12.Test.csproj", "{5821DD13-BB94-46D0-AA25-6B68DFC5F60A}"
EndProject
Project("{2150E333-8FDC-42A3-9474-1A3956D46DE8}") = "Task7", "Task7", "{7E5EF390-FAB1-410A-9ABC-98E9866E6280}"
EndProject
Project("{FAE04EC0-301F-11D3-BF4B-00C04F79EFBC}") = "Tyuiu.KorotchenkoDM.Sprint5.Task7.V14", "Tyuiu.KorotchenkoDM.Sprint5.Task7.V14\Tyuiu.KorotchenkoDM.Sprint5.Task7.V14.csproj", "{233F77DB-D8AD-4DFC-A478-8DA51558317D}"
EndProject
Project("{FAE04EC0-301F-11D3-BF4B-00C04F79EFBC}") = "Tyuiu.KorotchenkoDM.Sprint5.Task7.V14.Lib", "Tyuiu.KorotchenkoDM.Sprint5.Task7.V14.Lib\Tyuiu.KorotchenkoDM.Sprint5.Task7.V14.Lib.csproj", "{5B57182E-8377-4307-B235-5C9A95CFBB60}"
EndProject
Project("{FAE04EC0-301F-11D3-BF4B-00C04F79EFBC}") = "Tyuiu.KorotchenkoDM.Sprint5.Task7.V14.Test", "Tyuiu.KorotchenkoDM.Sprint5.Task7.V14.Test\Tyuiu.KorotchenkoDM.Sprint5.Task7.V14.Test.csproj", "{82DDB476-DA26-44E0-A300-577EBF1F48E0}"
EndProject
Global
	GlobalSection(SolutionConfigurationPlatforms) = preSolution
		Debug|Any CPU = Debug|Any CPU
		Release|Any CPU = Release|Any CPU
	EndGlobalSection
	GlobalSection(ProjectConfigurationPlatforms) = postSolution
		{57DB646A-5081-42B4-BDAB-D279D0FC80A8}.Debug|Any CPU.ActiveCfg = Debug|Any CPU
		{57DB646A-5081-42B4-BDAB-D279D0FC80A8}.Debug|Any CPU.Build.0 = Debug|Any CPU
		{57DB646A-5081-42B4-BDAB-D279D0FC80A8}.Release|Any CPU.ActiveCfg = Release|Any CPU
		{57DB646A-5081-42B4-BDAB-D279D0FC80A8}.Release|Any CPU.Build.0 = Release|Any CPU
		{7F7F1282-4EA3-4905-9E61-EFB06043C2E1}.Debug|Any CPU.ActiveCfg = Debug|Any CPU
		{7F7F1282-4EA3-4905-9E61-EFB06043C2E1}.Debug|Any CPU.Build.0 = Debug|Any CPU
		{7F7F1282-4EA3-4905-9E61-EFB06043C2E1}.Release|Any CPU.ActiveCfg = Release|Any CPU
		{7F7F1282-4EA3-4905-9E61-EFB06043C2E1}.Release|Any CPU.Build.0 = Release|Any CPU
		{B9319235-5E07-4816-9C7F-33539F537557}.Debug|Any CPU.ActiveCfg = Debug|Any CPU
		{B9319235-5E07-4816-9C7F-33539F537557}.Debug|Any CPU.Build.0 = Debug|Any CPU
		{B9319235-5E07-4816-9C7F-33539F537557}.Release|Any CPU.ActiveCfg = Release|Any CPU
		{B9319235-5E07-4816-9C7F-33539F537557}.Release|Any CPU.Build.0 = Release|Any CPU
		{A2EEA1EC-A7E9-47CB-86F0-A3E598A6088F}.Debug|Any CPU.ActiveCfg = Debug|Any CPU
		{A2EEA1EC-A7E9-47CB-86F0-A3E598A6088F}.Debug|Any CPU.Build.0 = Debug|Any CPU
		{A2EEA1EC-A7E9-47CB-86F0-A3E598A6088F}.Release|Any CPU.ActiveCfg = Release|Any CPU
		{A2EEA1EC-A7E9-47CB-86F0-A3E598A6088F}.Release|Any CPU.Build.0 = Release|Any CPU
		{FE7400E4-C7E2-4F45-B52D-CE8FF23110E9}.Debug|Any CPU.ActiveCfg = Debug|Any CPU
		{FE7400E4-C7E2-4F45-B52D-CE8FF23110E9}.Debug|Any CPU.Build.0 = Debug|Any CPU
		{FE7400E4-C7E2-4F45-B52D-CE8FF23110E9}.Release|Any CPU.ActiveCfg = Release|Any CPU
		{FE7400E4-C7E2-4F45-B52D-CE8FF23110E9}.Release|Any CPU.Build.0 = Release|Any CPU
		{D6116C90-5581-4818-A908-40532E4A7DA9}.Debug|Any CPU.ActiveCfg = Debug|Any CPU
		{D6116C90-5581-4818-A908-40532E4A7DA9}.Debug|Any CPU.Build.0 = Debug|Any CPU
		{D6116C90-5581-4818-A908-40532E4A7DA9}.Release|Any CPU.ActiveCfg = Release|Any CPU
		{D6116C90-5581-4818-A908-40532E4A7DA9}.Release|Any CPU.Build.0 = Release|Any CPU
		{85FAC243-6CCF-4B74-AD95-1AA542F916C6}.Debug|Any CPU.ActiveCfg = Debug|Any CPU
		{85FAC243-6CCF-4B74-AD95-1AA542F916C6}.Debug|Any CPU.Build.0 = Debug|Any CPU
		{85FAC243-6CCF-4B74-AD95-1AA542F916C6}.Release|Any CPU.ActiveCfg = Release|Any CPU
		{85FAC243-6CCF-4B74-AD95-1AA542F916C6}.Release|Any CPU.Build.0 = Release|Any CPU
		{6A6C4FF2-8F78-44BB-B84D-5937E6391692}.Debug|Any CPU.ActiveCfg = Debug|Any CPU
		{6A6C4FF2-8F78-44BB-B84D-5937E6391692}.Debug|Any CPU.Build.0 = Debug|Any CPU
		{6A6C4FF2-8F78-44BB-B84D-5937E6391692}.Release|Any CPU.ActiveCfg = Release|Any CPU
		{6A6C4FF2-8F78-44BB-B84D-5937E6391692}.Release|Any CPU.Build.0 = Release|Any CPU
		{C4089513-5F7D-44FE-90EA-B15A6ACE332F}.Debug|Any CPU.ActiveCfg = Debug|Any CPU
		{C4089513-5F7D-44FE-90EA-B15A6ACE332F}.Debug|Any CPU.Build.0 = Debug|Any CPU
		{C4089513-5F7D-44FE-90EA-B15A6ACE332F}.Release|Any CPU.ActiveCfg = Release|Any CPU
		{C4089513-5F7D-44FE-90EA-B15A6ACE332F}.Release|Any CPU.Build.0 = Release|Any CPU
		{208AD4D4-3367-45A1-B95D-61757BC57560}.Debug|Any CPU.ActiveCfg = Debug|Any CPU
		{208AD4D4-3367-45A1-B95D-61757BC57560}.Debug|Any CPU.Build.0 = Debug|Any CPU
		{208AD4D4-3367-45A1-B95D-61757BC57560}.Release|Any CPU.ActiveCfg = Release|Any CPU
		{208AD4D4-3367-45A1-B95D-61757BC57560}.Release|Any CPU.Build.0 = Release|Any CPU
		{8BE84B29-ABE9-4D69-9295-51CD1551CE15}.Debug|Any CPU.ActiveCfg = Debug|Any CPU
		{8BE84B29-ABE9-4D69-9295-51CD1551CE15}.Debug|Any CPU.Build.0 = Debug|Any CPU
		{8BE84B29-ABE9-4D69-9295-51CD1551CE15}.Release|Any CPU.ActiveCfg = Release|Any CPU
		{8BE84B29-ABE9-4D69-9295-51CD1551CE15}.Release|Any CPU.Build.0 = Release|Any CPU
		{CCEC8E8D-458B-4BBA-BC2B-1A82F127DD15}.Debug|Any CPU.ActiveCfg = Debug|Any CPU
		{CCEC8E8D-458B-4BBA-BC2B-1A82F127DD15}.Debug|Any CPU.Build.0 = Debug|Any CPU
		{CCEC8E8D-458B-4BBA-BC2B-1A82F127DD15}.Release|Any CPU.ActiveCfg = Release|Any CPU
		{CCEC8E8D-458B-4BBA-BC2B-1A82F127DD15}.Release|Any CPU.Build.0 = Release|Any CPU
		{0F1747D4-A9B9-4B79-9E67-DE0122437102}.Debug|Any CPU.ActiveCfg = Debug|Any CPU
		{0F1747D4-A9B9-4B79-9E67-DE0122437102}.Debug|Any CPU.Build.0 = Debug|Any CPU
		{0F1747D4-A9B9-4B79-9E67-DE0122437102}.Release|Any CPU.ActiveCfg = Release|Any CPU
		{0F1747D4-A9B9-4B79-9E67-DE0122437102}.Release|Any CPU.Build.0 = Release|Any CPU
		{C847B8E5-9374-49EA-901B-38B75D0B875B}.Debug|Any CPU.ActiveCfg = Debug|Any CPU
		{C847B8E5-9374-49EA-901B-38B75D0B875B}.Debug|Any CPU.Build.0 = Debug|Any CPU
		{C847B8E5-9374-49EA-901B-38B75D0B875B}.Release|Any CPU.ActiveCfg = Release|Any CPU
		{C847B8E5-9374-49EA-901B-38B75D0B875B}.Release|Any CPU.Build.0 = Release|Any CPU
		{319D37DC-5ED3-42E9-B82C-FFEBA009D001}.Debug|Any CPU.ActiveCfg = Debug|Any CPU
		{319D37DC-5ED3-42E9-B82C-FFEBA009D001}.Debug|Any CPU.Build.0 = Debug|Any CPU
		{319D37DC-5ED3-42E9-B82C-FFEBA009D001}.Release|Any CPU.ActiveCfg = Release|Any CPU
		{319D37DC-5ED3-42E9-B82C-FFEBA009D001}.Release|Any CPU.Build.0 = Release|Any CPU
		{6FFC6C51-EBD6-439C-B423-4E58A08B4AE2}.Debug|Any CPU.ActiveCfg = Debug|Any CPU
		{6FFC6C51-EBD6-439C-B423-4E58A08B4AE2}.Debug|Any CPU.Build.0 = Debug|Any CPU
		{6FFC6C51-EBD6-439C-B423-4E58A08B4AE2}.Release|Any CPU.ActiveCfg = Release|Any CPU
		{6FFC6C51-EBD6-439C-B423-4E58A08B4AE2}.Release|Any CPU.Build.0 = Release|Any CPU
		{96050A4A-8534-4280-9E6F-36B53424168A}.Debug|Any CPU.ActiveCfg = Debug|Any CPU
		{96050A4A-8534-4280-9E6F-36B53424168A}.Debug|Any CPU.Build.0 = Debug|Any CPU
		{96050A4A-8534-4280-9E6F-36B53424168A}.Release|Any CPU.ActiveCfg = Release|Any CPU
		{96050A4A-8534-4280-9E6F-36B53424168A}.Release|Any CPU.Build.0 = Release|Any CPU
		{CA2DA3C5-8474-479E-B6E2-67D9C9D61472}.Debug|Any CPU.ActiveCfg = Debug|Any CPU
		{CA2DA3C5-8474-479E-B6E2-67D9C9D61472}.Debug|Any CPU.Build.0 = Debug|Any CPU
		{CA2DA3C5-8474-479E-B6E2-67D9C9D61472}.Release|Any CPU.ActiveCfg = Release|Any CPU
		{CA2DA3C5-8474-479E-B6E2-67D9C9D61472}.Release|Any CPU.Build.0 = Release|Any CPU
		{E430CD86-E193-4901-B529-391151BDB30C}.Debug|Any CPU.ActiveCfg = Debug|Any CPU
		{E430CD86-E193-4901-B529-391151BDB30C}.Debug|Any CPU.Build.0 = Debug|Any CPU
		{E430CD86-E193-4901-B529-391151BDB30C}.Release|Any CPU.ActiveCfg = Release|Any CPU
		{E430CD86-E193-4901-B529-391151BDB30C}.Release|Any CPU.Build.0 = Release|Any CPU
		{AC3A4805-545C-4BFE-B510-363AE3BA2FF7}.Debug|Any CPU.ActiveCfg = Debug|Any CPU
		{AC3A4805-545C-4BFE-B510-363AE3BA2FF7}.Debug|Any CPU.Build.0 = Debug|Any CPU
		{AC3A4805-545C-4BFE-B510-363AE3BA2FF7}.Release|Any CPU.ActiveCfg = Release|Any CPU
		{AC3A4805-545C-4BFE-B510-363AE3BA2FF7}.Release|Any CPU.Build.0 = Release|Any CPU
		{5821DD13-BB94-46D0-AA25-6B68DFC5F60A}.Debug|Any CPU.ActiveCfg = Debug|Any CPU
		{5821DD13-BB94-46D0-AA25-6B68DFC5F60A}.Debug|Any CPU.Build.0 = Debug|Any CPU
		{5821DD13-BB94-46D0-AA25-6B68DFC5F60A}.Release|Any CPU.ActiveCfg = Release|Any CPU
		{5821DD13-BB94-46D0-AA25-6B68DFC5F60A}.Release|Any CPU.Build.0 = Release|Any CPU
		{233F77DB-D8AD-4DFC-A478-8DA51558317D}.Debug|Any CPU.ActiveCfg = Debug|Any CPU
		{233F77DB-D8AD-4DFC-A478-8DA51558317D}.Debug|Any CPU.Build.0 = Debug|Any CPU
		{233F77DB-D8AD-4DFC-A478-8DA51558317D}.Release|Any CPU.ActiveCfg = Release|Any CPU
		{233F77DB-D8AD-4DFC-A478-8DA51558317D}.Release|Any CPU.Build.0 = Release|Any CPU
		{5B57182E-8377-4307-B235-5C9A95CFBB60}.Debug|Any CPU.ActiveCfg = Debug|Any CPU
		{5B57182E-8377-4307-B235-5C9A95CFBB60}.Debug|Any CPU.Build.0 = Debug|Any CPU
		{5B57182E-8377-4307-B235-5C9A95CFBB60}.Release|Any CPU.ActiveCfg = Release|Any CPU
		{5B57182E-8377-4307-B235-5C9A95CFBB60}.Release|Any CPU.Build.0 = Release|Any CPU
		{82DDB476-DA26-44E0-A300-577EBF1F48E0}.Debug|Any CPU.ActiveCfg = Debug|Any CPU
		{82DDB476-DA26-44E0-A300-577EBF1F48E0}.Debug|Any CPU.Build.0 = Debug|Any CPU
		{82DDB476-DA26-44E0-A300-577EBF1F48E0}.Release|Any CPU.ActiveCfg = Release|Any CPU
		{82DDB476-DA26-44E0-A300-577EBF1F48E0}.Release|Any CPU.Build.0 = Release|Any CPU
	EndGlobalSection
	GlobalSection(SolutionProperties) = preSolution
		HideSolutionNode = FALSE
	EndGlobalSection
	GlobalSection(NestedProjects) = preSolution
		{57DB646A-5081-42B4-BDAB-D279D0FC80A8} = {842BE9FE-F2FB-4FF8-BCBA-56AC66386069}
		{7F7F1282-4EA3-4905-9E61-EFB06043C2E1} = {842BE9FE-F2FB-4FF8-BCBA-56AC66386069}
		{B9319235-5E07-4816-9C7F-33539F537557} = {842BE9FE-F2FB-4FF8-BCBA-56AC66386069}
		{A2EEA1EC-A7E9-47CB-86F0-A3E598A6088F} = {519B9790-6FD3-4189-88BF-D0BFE9E0C5BD}
		{FE7400E4-C7E2-4F45-B52D-CE8FF23110E9} = {519B9790-6FD3-4189-88BF-D0BFE9E0C5BD}
		{D6116C90-5581-4818-A908-40532E4A7DA9} = {519B9790-6FD3-4189-88BF-D0BFE9E0C5BD}
		{85FAC243-6CCF-4B74-AD95-1AA542F916C6} = {54181BC5-281A-4E7C-8037-586E38C9848E}
		{6A6C4FF2-8F78-44BB-B84D-5937E6391692} = {54181BC5-281A-4E7C-8037-586E38C9848E}
		{C4089513-5F7D-44FE-90EA-B15A6ACE332F} = {54181BC5-281A-4E7C-8037-586E38C9848E}
		{208AD4D4-3367-45A1-B95D-61757BC57560} = {7DB40B0D-3965-477C-A537-B083B8DBA7DA}
		{8BE84B29-ABE9-4D69-9295-51CD1551CE15} = {7DB40B0D-3965-477C-A537-B083B8DBA7DA}
		{CCEC8E8D-458B-4BBA-BC2B-1A82F127DD15} = {7DB40B0D-3965-477C-A537-B083B8DBA7DA}
		{0F1747D4-A9B9-4B79-9E67-DE0122437102} = {A690405D-C978-43D1-A873-176FAE537D7E}
		{C847B8E5-9374-49EA-901B-38B75D0B875B} = {A690405D-C978-43D1-A873-176FAE537D7E}
		{319D37DC-5ED3-42E9-B82C-FFEBA009D001} = {A690405D-C978-43D1-A873-176FAE537D7E}
		{6FFC6C51-EBD6-439C-B423-4E58A08B4AE2} = {046C2173-35E7-47DD-9F7C-59C50AFF4669}
		{96050A4A-8534-4280-9E6F-36B53424168A} = {046C2173-35E7-47DD-9F7C-59C50AFF4669}
		{CA2DA3C5-8474-479E-B6E2-67D9C9D61472} = {046C2173-35E7-47DD-9F7C-59C50AFF4669}
		{E430CD86-E193-4901-B529-391151BDB30C} = {BDDA7373-2C73-41EC-B2E7-7BC0FBC972EA}
		{AC3A4805-545C-4BFE-B510-363AE3BA2FF7} = {BDDA7373-2C73-41EC-B2E7-7BC0FBC972EA}
		{5821DD13-BB94-46D0-AA25-6B68DFC5F60A} = {BDDA7373-2C73-41EC-B2E7-7BC0FBC972EA}
		{233F77DB-D8AD-4DFC-A478-8DA51558317D} = {7E5EF390-FAB1-410A-9ABC-98E9866E6280}
		{5B57182E-8377-4307-B235-5C9A95CFBB60} = {7E5EF390-FAB1-410A-9ABC-98E9866E6280}
		{82DDB476-DA26-44E0-A300-577EBF1F48E0} = {7E5EF390-FAB1-410A-9ABC-98E9866E6280}
	EndGlobalSection
	GlobalSection(ExtensibilityGlobals) = postSolution
		SolutionGuid = {EB4877D6-5AE5-4252-ABF6-718B8C64C4C3}
	EndGlobalSection
EndGlobal
