
Microsoft Visual Studio Solution File, Format Version 12.00
# Visual Studio Version 16
VisualStudioVersion = 16.0.34114.132
MinimumVisualStudioVersion = 10.0.40219.1
Project("{2150E333-8FDC-42A3-9474-1A3956D46DE8}") = "Task0", "Task0", "{842BE9FE-F2FB-4FF8-BCBA-56AC66386069}"
EndProject
Project("{FAE04EC0-301F-11D3-BF4B-00C04F79EFBC}") = "Tyuiu.KorotchenkoDM.Sprint5.Task0.V2", "Tyuiu.KorotchenkoDM.Sprint5.Task0.V2\Tyuiu.KorotchenkoDM.Sprint5.Task0.V2.csproj", "{57DB646A-5081-42B4-BDAB-D279D0FC80A8}"
EndProject
Project("{FAE04EC0-301F-11D3-BF4B-00C04F79EFBC}") = "Tyuiu.KorotchenkoDM.Sprint5.Task0.V2.Lib", "Tyuiu.KorotchenkoDM.Sprint5.Task0.V2.Lib\Tyuiu.KorotchenkoDM.Sprint5.Task0.V2.Lib.csproj", "{7F7F1282-4EA3-4905-9E61-EFB06043C2E1}"
EndProject
Project("{FAE04EC0-301F-11D3-BF4B-00C04F79EFBC}") = "Tyuiu.KorotchenkoDM.Sprint5.Task0.V2.Test", "Tyuiu.KorotchenkoDM.Sprint5.Task0.V2.Test\Tyuiu.KorotchenkoDM.Sprint5.Task0.V2.Test.csproj", "{B9319235-5E07-4816-9C7F-33539F537557}"
EndProject
Global
	GlobalSection(SolutionConfigurationPlatforms) = preSolution
		Debug|Any CPU = Debug|Any CPU
		Release|Any CPU = Release|Any CPU
	EndGlobalSection
	GlobalSection(ProjectConfigurationPlatforms) = postSolution
		{57DB646A-5081-42B4-BDAB-D279D0FC80A8}.Debug|Any CPU.ActiveCfg = Debug|Any CPU
		{57DB646A-5081-42B4-BDAB-D279D0FC80A8}.Debug|Any CPU.Build.0 = Debug|Any CPU
		{57DB646A-5081-42B4-BDAB-D279D0FC80A8}.Release|Any CPU.ActiveCfg = Release|Any CPU
		{57DB646A-5081-42B4-BDAB-D279D0FC80A8}.Release|Any CPU.Build.0 = Release|Any CPU
		{7F7F1282-4EA3-4905-9E61-EFB06043C2E1}.Debug|Any CPU.ActiveCfg = Debug|Any CPU
		{7F7F1282-4EA3-4905-9E61-EFB06043C2E1}.Debug|Any CPU.Build.0 = Debug|Any CPU
		{7F7F1282-4EA3-4905-9E61-EFB06043C2E1}.Release|Any CPU.ActiveCfg = Release|Any CPU
		{7F7F1282-4EA3-4905-9E61-EFB06043C2E1}.Release|Any CPU.Build.0 = Release|Any CPU
		{B9319235-5E07-4816-9C7F-33539F537557}.Debug|Any CPU.ActiveCfg = Debug|Any CPU
		{B9319235-5E07-4816-9C7F-33539F537557}.Debug|Any CPU.Build.0 = Debug|Any CPU
		{B9319235-5E07-4816-9C7F-33539F537557}.Release|Any CPU.ActiveCfg = Release|Any CPU
		{B9319235-5E07-4816-9C7F-33539F537557}.Release|Any CPU.Build.0 = Release|Any CPU
	EndGlobalSection
	GlobalSection(SolutionProperties) = preSolution
		HideSolutionNode = FALSE
	EndGlobalSection
	GlobalSection(NestedProjects) = preSolution
		{57DB646A-5081-42B4-BDAB-D279D0FC80A8} = {842BE9FE-F2FB-4FF8-BCBA-56AC66386069}
		{7F7F1282-4EA3-4905-9E61-EFB06043C2E1} = {842BE9FE-F2FB-4FF8-BCBA-56AC66386069}
		{B9319235-5E07-4816-9C7F-33539F537557} = {842BE9FE-F2FB-4FF8-BCBA-56AC66386069}
	EndGlobalSection
	GlobalSection(ExtensibilityGlobals) = postSolution
		SolutionGuid = {EB4877D6-5AE5-4252-ABF6-718B8C64C4C3}
	EndGlobalSection
EndGlobal
